<?xml version="1.0" encoding="utf-8"?>
<Project ToolsVersion="4.0" xmlns="http://schemas.microsoft.com/developer/msbuild/2003">
  <ItemGroup>
    <Filter Include="Source Files">
      <UniqueIdentifier>{4FC737F1-C7A5-4376-A066-2A32D752A2FF}</UniqueIdentifier>
      <Extensions>cpp;c;cc;cxx;def;odl;idl;hpj;bat;asm;asmx</Extensions>
    </Filter>
    <Filter Include="Header Files">
      <UniqueIdentifier>{93995380-89BD-4b04-88EB-625FBE52EBFB}</UniqueIdentifier>
      <Extensions>h;hh;hpp;hxx;hm;inl;inc;xsd</Extensions>
    </Filter>
    <Filter Include="Resource Files">
      <UniqueIdentifier>{67DA6AB6-F800-4c08-8B7A-83BB121AAD01}</UniqueIdentifier>
      <Extensions>rc;ico;cur;bmp;dlg;rc2;rct;bin;rgs;gif;jpg;jpeg;jpe;resx;tiff;tif;png;wav;mfcribbon-ms</Extensions>
    </Filter>
    <Filter Include="Core">
      <UniqueIdentifier>{68df5919-76a2-4778-a222-8a76b80d3da4}</UniqueIdentifier>
    </Filter>
    <Filter Include="Misc">
      <UniqueIdentifier>{1bc1ddab-b4b1-41b2-b46f-d8e26ba4dfcd}</UniqueIdentifier>
    </Filter>
    <Filter Include="Handlers">
      <UniqueIdentifier>{4c097638-2286-4b13-ac3f-7fa3c2ba421e}</UniqueIdentifier>
    </Filter>
  </ItemGroup>
  <ItemGroup>
    <ClInclude Include="stdafx.h">
      <Filter>Misc</Filter>
    </ClInclude>
    <ClInclude Include="targetver.h">
      <Filter>Misc</Filter>
    </ClInclude>
    <ClInclude Include="ControlCenter.h">
      <Filter>Core</Filter>
    </ClInclude>
    <ClInclude Include="Config.h">
      <Filter>Misc</Filter>
    </ClInclude>
    <ClInclude Include="CommandRecognizer.h">
      <Filter>Core</Filter>
    </ClInclude>
    <ClInclude Include="Utils.h">
      <Filter>Misc</Filter>
    </ClInclude>
    <ClInclude Include="OpenHandler.h">
      <Filter>Handlers</Filter>
    </ClInclude>
    <ClInclude Include="VoiceRecognizer.h">
      <Filter>Core</Filter>
    </ClInclude>
    <ClInclude Include="VoiceRecorder.h">
      <Filter>Core</Filter>
    </ClInclude>
    <ClInclude Include="CloseHandler.h">
      <Filter>Handlers</Filter>
    </ClInclude>
    <ClInclude Include="CommandHandler.h">
      <Filter>Handlers</Filter>
    </ClInclude>
    <ClInclude Include="SpeechSynthesizer.h">
      <Filter>Core</Filter>
    </ClInclude>
    <ClInclude Include="SayTimeHandler.h">
      <Filter>Handlers</Filter>
    </ClInclude>
    <ClInclude Include="KeyHandler.h">
      <Filter>Handlers</Filter>
    </ClInclude>
    <ClInclude Include="WindowHandler.h">
      <Filter>Handlers</Filter>
    </ClInclude>
    <ClInclude Include="RefreshHandler.h">
      <Filter>Handlers</Filter>
    </ClInclude>
  </ItemGroup>
  <ItemGroup>
    <ClCompile Include="stdafx.cpp">
      <Filter>Misc</Filter>
    </ClCompile>
    <ClCompile Include="main.cpp">
      <Filter>Misc</Filter>
    </ClCompile>
    <ClCompile Include="ControlCenter.cpp">
      <Filter>Core</Filter>
    </ClCompile>
    <ClCompile Include="CommandRecognizer.cpp">
      <Filter>Core</Filter>
    </ClCompile>
    <ClCompile Include="OpenHandler.cpp">
      <Filter>Handlers</Filter>
    </ClCompile>
    <ClCompile Include="VoiceRecognizer.cpp">
      <Filter>Core</Filter>
    </ClCompile>
    <ClCompile Include="VoiceRecorder.cpp">
      <Filter>Core</Filter>
    </ClCompile>
    <ClCompile Include="Utils.cpp">
      <Filter>Misc</Filter>
    </ClCompile>
    <ClCompile Include="CloseHandler.cpp">
      <Filter>Handlers</Filter>
    </ClCompile>
    <ClCompile Include="SpeechSynthesizer.cpp">
      <Filter>Core</Filter>
    </ClCompile>
    <ClCompile Include="SayTimeHandler.cpp">
      <Filter>Handlers</Filter>
    </ClCompile>
    <ClCompile Include="KeyHandler.cpp">
      <Filter>Handlers</Filter>
    </ClCompile>
    <ClCompile Include="WindowHandler.cpp">
      <Filter>Handlers</Filter>
    </ClCompile>
    <ClCompile Include="RefreshHandler.cpp">
      <Filter>Handlers</Filter>
    </ClCompile>
  </ItemGroup>
</Project>